
Microsoft Visual Studio Solution File, Format Version 12.00
# Visual Studio Version 16
VisualStudioVersion = 16.0.31410.357
MinimumVisualStudioVersion = 10.0.40219.1
Project("{9A19103F-16F7-4668-BE54-9A1E7A4F7556}") = "AccountOwnerServer", "AccountOwnerServer\AccountOwnerServer.csproj", "{0476A334-4AEF-4D4B-AA1F-237F647CF639}"
EndProject
Project("{9A19103F-16F7-4668-BE54-9A1E7A4F7556}") = "LoggerService", "LoggerService\LoggerService.csproj", "{2B276683-F9E7-4630-9A67-482DB7DB5144}"
EndProject
Project("{9A19103F-16F7-4668-BE54-9A1E7A4F7556}") = "Contracts", "Contracts\Contracts.csproj", "{8C06F2EB-F410-4F57-BE6B-DAB2EF6ADC86}"
EndProject
Project("{FAE04EC0-301F-11D3-BF4B-00C04F79EFBC}") = "Entities", "Entities\Entities.csproj", "{F88264A2-FF97-4DCC-BD78-0B6A1E501248}"
EndProject
Global
	GlobalSection(SolutionConfigurationPlatforms) = preSolution
		Debug|Any CPU = Debug|Any CPU
		Release|Any CPU = Release|Any CPU
	EndGlobalSection
	GlobalSection(ProjectConfigurationPlatforms) = postSolution
		{0476A334-4AEF-4D4B-AA1F-237F647CF639}.Debug|Any CPU.ActiveCfg = Debug|Any CPU
		{0476A334-4AEF-4D4B-AA1F-237F647CF639}.Debug|Any CPU.Build.0 = Debug|Any CPU
		{0476A334-4AEF-4D4B-AA1F-237F647CF639}.Release|Any CPU.ActiveCfg = Release|Any CPU
		{0476A334-4AEF-4D4B-AA1F-237F647CF639}.Release|Any CPU.Build.0 = Release|Any CPU
		{2B276683-F9E7-4630-9A67-482DB7DB5144}.Debug|Any CPU.ActiveCfg = Debug|Any CPU
		{2B276683-F9E7-4630-9A67-482DB7DB5144}.Debug|Any CPU.Build.0 = Debug|Any CPU
		{2B276683-F9E7-4630-9A67-482DB7DB5144}.Release|Any CPU.ActiveCfg = Release|Any CPU
		{2B276683-F9E7-4630-9A67-482DB7DB5144}.Release|Any CPU.Build.0 = Release|Any CPU
		{8C06F2EB-F410-4F57-BE6B-DAB2EF6ADC86}.Debug|Any CPU.ActiveCfg = Debug|Any CPU
		{8C06F2EB-F410-4F57-BE6B-DAB2EF6ADC86}.Debug|Any CPU.Build.0 = Debug|Any CPU
		{8C06F2EB-F410-4F57-BE6B-DAB2EF6ADC86}.Release|Any CPU.ActiveCfg = Release|Any CPU
		{8C06F2EB-F410-4F57-BE6B-DAB2EF6ADC86}.Release|Any CPU.Build.0 = Release|Any CPU
		{F88264A2-FF97-4DCC-BD78-0B6A1E501248}.Debug|Any CPU.ActiveCfg = Debug|Any CPU
		{F88264A2-FF97-4DCC-BD78-0B6A1E501248}.Debug|Any CPU.Build.0 = Debug|Any CPU
		{F88264A2-FF97-4DCC-BD78-0B6A1E501248}.Release|Any CPU.ActiveCfg = Release|Any CPU
		{F88264A2-FF97-4DCC-BD78-0B6A1E501248}.Release|Any CPU.Build.0 = Release|Any CPU
	EndGlobalSection
	GlobalSection(SolutionProperties) = preSolution
		HideSolutionNode = FALSE
	EndGlobalSection
	GlobalSection(ExtensibilityGlobals) = postSolution
		SolutionGuid = {BD2F542D-BD2B-46EC-BBC7-2E8F491FAF8E}
	EndGlobalSection
EndGlobal
